
Microsoft Visual Studio Solution File, Format Version 12.00
# Visual Studio Version 17
VisualStudioVersion = 17.8.34330.188
MinimumVisualStudioVersion = 10.0.40219.1
Project("{9A19103F-16F7-4668-BE54-9A1E7A4F7556}") = "FirstApp", "FirstApp.csproj", "{F45642AC-A8F8-412B-9EB5-34B3702690E6}"
EndProject
Global
	GlobalSection(SolutionConfigurationPlatforms) = preSolution
		Debug|Any CPU = Debug|Any CPU
		Release|Any CPU = Release|Any CPU
	EndGlobalSection
	GlobalSection(ProjectConfigurationPlatforms) = postSolution
		{F45642AC-A8F8-412B-9EB5-34B3702690E6}.Debug|Any CPU.ActiveCfg = Debug|Any CPU
		{F45642AC-A8F8-412B-9EB5-34B3702690E6}.Debug|Any CPU.Build.0 = Debug|Any CPU
		{F45642AC-A8F8-412B-9EB5-34B3702690E6}.Release|Any CPU.ActiveCfg = Release|Any CPU
		{F45642AC-A8F8-412B-9EB5-34B3702690E6}.Release|Any CPU.Build.0 = Release|Any CPU
	EndGlobalSection
	GlobalSection(SolutionProperties) = preSolution
		HideSolutionNode = FALSE
	EndGlobalSection
	GlobalSection(ExtensibilityGlobals) = postSolution
		SolutionGuid = {7EFA4063-37CF-4B7C-82D1-CC5B5C29BED8}
	EndGlobalSection
EndGlobal
