
Microsoft Visual Studio Solution File, Format Version 12.00
# Visual Studio Version 17
VisualStudioVersion = 17.8.34511.84
MinimumVisualStudioVersion = 10.0.40219.1
Project("{FAE04EC0-301F-11D3-BF4B-00C04F79EFBC}") = "APICallAPP", "APICallAPP\APICallAPP.csproj", "{54A42223-B69A-4DEF-AB34-DBFA2C9E09BD}"
EndProject
Global
	GlobalSection(SolutionConfigurationPlatforms) = preSolution
		Debug|Any CPU = Debug|Any CPU
		Release|Any CPU = Release|Any CPU
	EndGlobalSection
	GlobalSection(ProjectConfigurationPlatforms) = postSolution
		{54A42223-B69A-4DEF-AB34-DBFA2C9E09BD}.Debug|Any CPU.ActiveCfg = Debug|Any CPU
		{54A42223-B69A-4DEF-AB34-DBFA2C9E09BD}.Debug|Any CPU.Build.0 = Debug|Any CPU
		{54A42223-B69A-4DEF-AB34-DBFA2C9E09BD}.Release|Any CPU.ActiveCfg = Release|Any CPU
		{54A42223-B69A-4DEF-AB34-DBFA2C9E09BD}.Release|Any CPU.Build.0 = Release|Any CPU
	EndGlobalSection
	GlobalSection(SolutionProperties) = preSolution
		HideSolutionNode = FALSE
	EndGlobalSection
	GlobalSection(ExtensibilityGlobals) = postSolution
		SolutionGuid = {705DBE9B-67D3-4813-A5A2-99529642AF82}
	EndGlobalSection
EndGlobal
